{
  "_meta": {
    "file-type": "spack-lockfile",
    "lockfile-version": 4,
    "specfile-version": 3
  },
  "roots": [
    {
      "hash": "y7ttldzglfl7cniglizglree4bv7flb7",
      "spec": "spectrum-mpi%gcc@8.3.1"
    },
    {
      "hash": "jc3swrjhqjxjpk3ucmiabalor53ckkdx",
      "spec": "cuda%gcc@8.3.1"
    },
    {
      "hash": "sxopwglav2jtyj5ohy3tfc6vpno2u2lx",
      "spec": "cmake"
    },
    {
      "hash": "33wfvtue67uex2ehtnp3xfnuqx5wuawt",
      "spec": "kokkos%gcc@8.3.1+cuda+cuda_lambda+wrapper cuda_arch=70 std=14"
    }
  ],
  "concrete_specs": {
    "y7ttldzglfl7cniglizglree4bv7flb7": {
      "name": "spectrum-mpi",
      "version": "rolling-release",
      "arch": {
        "platform": "linux",
        "platform_os": "rhel7",
        "target": {
          "name": "power9le",
          "vendor": "IBM",
          "features": [],
          "generation": 9,
          "parents": [
            "power8le"
          ]
        }
      },
      "compiler": {
        "name": "gcc",
        "version": "8.3.1"
      },
      "namespace": "builtin",
      "parameters": {
        "cflags": [],
        "cppflags": [],
        "cxxflags": [],
        "fflags": [],
        "ldflags": [],
        "ldlibs": []
      },
      "external": {
        "path": "/usr/tce/packages/spectrum-mpi/spectrum-mpi-rolling-release-gcc-8.3.1",
        "module": null,
        "extra_attributes": {}
      },
      "package_hash": "qz4jihn73dodnofdzmurm3wgl6vn6tjjjwmn6j3v2dt6cuzg4vvq====",
      "hash": "y7ttldzglfl7cniglizglree4bv7flb7"
    },
    "jc3swrjhqjxjpk3ucmiabalor53ckkdx": {
      "name": "cuda",
      "version": "11.7.0",
      "arch": {
        "platform": "linux",
        "platform_os": "rhel7",
        "target": {
          "name": "power9le",
          "vendor": "IBM",
          "features": [],
          "generation": 9,
          "parents": [
            "power8le"
          ]
        }
      },
      "compiler": {
        "name": "gcc",
        "version": "8.3.1"
      },
      "namespace": "builtin",
      "parameters": {
        "allow-unsupported-compilers": false,
        "dev": false,
        "cflags": [],
        "cppflags": [],
        "cxxflags": [],
        "fflags": [],
        "ldflags": [],
        "ldlibs": []
      },
      "external": {
        "path": "/usr/tce/packages/cuda/cuda-11.7.0",
        "module": null,
        "extra_attributes": {}
      },
      "package_hash": "oa6m53wii6kwaodmp4t45lpqvln5t434xmp7hvxjx7ezalhaqgpq====",
      "hash": "jc3swrjhqjxjpk3ucmiabalor53ckkdx"
    },
    "sxopwglav2jtyj5ohy3tfc6vpno2u2lx": {
      "name": "cmake",
      "version": "3.23.1",
      "arch": {
        "platform": "linux",
        "platform_os": "rhel7",
        "target": {
          "name": "power9le",
          "vendor": "IBM",
          "features": [],
          "generation": 9,
          "parents": [
            "power8le"
          ]
        }
      },
      "compiler": {
        "name": "gcc",
        "version": "8.3.1"
      },
      "namespace": "builtin",
      "parameters": {
        "build_type": "Release",
        "doc": false,
        "ncurses": true,
        "ownlibs": true,
        "qt": false,
        "cflags": [],
        "cppflags": [],
        "cxxflags": [],
        "fflags": [],
        "ldflags": [],
        "ldlibs": []
      },
      "external": {
        "path": "/usr/tce/packages/cmake/cmake-3.23.1",
        "module": null,
        "extra_attributes": {}
      },
      "package_hash": "zfctaaglugx5mi5ctbs2go7qibzxajgw4lqq3rr52urayws3gtiq====",
      "hash": "sxopwglav2jtyj5ohy3tfc6vpno2u2lx"
    },
    "33wfvtue67uex2ehtnp3xfnuqx5wuawt": {
      "name": "kokkos",
      "version": "3.6.01",
      "arch": {
        "platform": "linux",
        "platform_os": "rhel7",
        "target": {
          "name": "power9le",
          "vendor": "IBM",
          "features": [],
          "generation": 9,
          "parents": [
            "power8le"
          ]
        }
      },
      "compiler": {
        "name": "gcc",
        "version": "8.3.1"
      },
      "namespace": "builtin",
      "parameters": {
        "aggressive_vectorization": false,
        "build_type": "RelWithDebInfo",
        "compiler_warnings": false,
        "cuda": true,
        "cuda_arch": [
          "70"
        ],
        "cuda_constexpr": false,
        "cuda_lambda": true,
        "cuda_ldg_intrinsic": false,
        "cuda_relocatable_device_code": false,
        "cuda_uvm": false,
        "debug": false,
        "debug_bounds_check": false,
        "debug_dualview_modify_check": false,
        "deprecated_code": false,
        "examples": false,
        "explicit_instantiation": false,
        "hpx": false,
        "hpx_async_dispatch": false,
        "hwloc": false,
        "intel_gpu_arch": "none",
        "ipo": false,
        "memkind": false,
        "numactl": false,
        "openmp": false,
        "openmptarget": false,
        "pic": false,
        "profiling": true,
        "profiling_load_print": false,
        "pthread": false,
        "qthread": false,
        "rocm": false,
        "serial": true,
        "shared": true,
        "std": "14",
        "sycl": false,
        "tests": false,
        "tuning": false,
        "wrapper": true,
        "cflags": [],
        "cppflags": [],
        "cxxflags": [],
        "fflags": [],
        "ldflags": [],
        "ldlibs": []
      },
      "package_hash": "2moviy5l5xt3to65qeunk7cmddnt773fh6qqu4lwsrjini642ufq====",
      "dependencies": [
        {
          "name": "cmake",
          "hash": "sxopwglav2jtyj5ohy3tfc6vpno2u2lx",
          "type": [
            "build"
          ]
        },
        {
          "name": "cuda",
          "hash": "jc3swrjhqjxjpk3ucmiabalor53ckkdx",
          "type": [
            "build",
            "link"
          ]
        },
        {
          "name": "kokkos-nvcc-wrapper",
          "hash": "cttaa544e6iiijlotr6aqcxhuhbpry67",
          "type": [
            "build",
            "link"
          ]
        }
      ],
      "hash": "33wfvtue67uex2ehtnp3xfnuqx5wuawt"
    },
    "cttaa544e6iiijlotr6aqcxhuhbpry67": {
      "name": "kokkos-nvcc-wrapper",
      "version": "3.2.00",
      "arch": {
        "platform": "linux",
        "platform_os": "rhel7",
        "target": {
          "name": "power9le",
          "vendor": "IBM",
          "features": [],
          "generation": 9,
          "parents": [
            "power8le"
          ]
        }
      },
      "compiler": {
        "name": "gcc",
        "version": "8.3.1"
      },
      "namespace": "builtin",
      "parameters": {
        "mpi": true,
        "cflags": [],
        "cppflags": [],
        "cxxflags": [],
        "fflags": [],
        "ldflags": [],
        "ldlibs": []
      },
      "package_hash": "3hi6mdnpcdtstfurln5h2tnoy2of6a3llzqgvto2ovtmo4bmj5zq====",
      "dependencies": [
        {
          "name": "cmake",
          "hash": "sxopwglav2jtyj5ohy3tfc6vpno2u2lx",
          "type": [
            "build"
          ]
        },
        {
          "name": "cuda",
          "hash": "jc3swrjhqjxjpk3ucmiabalor53ckkdx",
          "type": [
            "build",
            "link"
          ]
        },
        {
          "name": "spectrum-mpi",
          "hash": "y7ttldzglfl7cniglizglree4bv7flb7",
          "type": [
            "build",
            "link"
          ]
        }
      ],
      "hash": "cttaa544e6iiijlotr6aqcxhuhbpry67"
    }
  }
}